
Microsoft Visual Studio Solution File, Format Version 12.00
# Visual Studio Version 17
VisualStudioVersion = 17.5.33530.505
MinimumVisualStudioVersion = 10.0.40219.1
Project("{FAE04EC0-301F-11D3-BF4B-00C04F79EFBC}") = "TuringMachine", "TuringMachine\TuringMachine.csproj", "{7231D05D-1AF8-481C-88C9-303553302C7B}"
EndProject
Global
	GlobalSection(SolutionConfigurationPlatforms) = preSolution
		Debug|Any CPU = Debug|Any CPU
		Release|Any CPU = Release|Any CPU
	EndGlobalSection
	GlobalSection(ProjectConfigurationPlatforms) = postSolution
		{7231D05D-1AF8-481C-88C9-303553302C7B}.Debug|Any CPU.ActiveCfg = Debug|Any CPU
		{7231D05D-1AF8-481C-88C9-303553302C7B}.Debug|Any CPU.Build.0 = Debug|Any CPU
		{7231D05D-1AF8-481C-88C9-303553302C7B}.Release|Any CPU.ActiveCfg = Release|Any CPU
		{7231D05D-1AF8-481C-88C9-303553302C7B}.Release|Any CPU.Build.0 = Release|Any CPU
	EndGlobalSection
	GlobalSection(SolutionProperties) = preSolution
		HideSolutionNode = FALSE
	EndGlobalSection
	GlobalSection(ExtensibilityGlobals) = postSolution
		SolutionGuid = {574A680F-8166-46A0-9FAE-512825924009}
	EndGlobalSection
EndGlobal
